
Microsoft Visual Studio Solution File, Format Version 12.00
# Visual Studio 15
VisualStudioVersion = 15.0.27703.2026
MinimumVisualStudioVersion = 10.0.40219.1
Project("{FAE04EC0-301F-11D3-BF4B-00C04F79EFBC}") = "konito_project", "konito_project\konito_project.csproj", "{388D6C04-2E98-4546-8148-F4959697FB0A}"
EndProject
Project("{FAE04EC0-301F-11D3-BF4B-00C04F79EFBC}") = "konito_project.Tests", "konito_project.Tests\konito_project.Tests.csproj", "{F46F7214-6C42-496F-A83D-332258F8DD84}"
EndProject
Global
	GlobalSection(SolutionConfigurationPlatforms) = preSolution
		Debug|Any CPU = Debug|Any CPU
		Release|Any CPU = Release|Any CPU
	EndGlobalSection
	GlobalSection(ProjectConfigurationPlatforms) = postSolution
		{388D6C04-2E98-4546-8148-F4959697FB0A}.Debug|Any CPU.ActiveCfg = Debug|Any CPU
		{388D6C04-2E98-4546-8148-F4959697FB0A}.Debug|Any CPU.Build.0 = Debug|Any CPU
		{388D6C04-2E98-4546-8148-F4959697FB0A}.Release|Any CPU.ActiveCfg = Release|Any CPU
		{388D6C04-2E98-4546-8148-F4959697FB0A}.Release|Any CPU.Build.0 = Release|Any CPU
		{F46F7214-6C42-496F-A83D-332258F8DD84}.Debug|Any CPU.ActiveCfg = Debug|Any CPU
		{F46F7214-6C42-496F-A83D-332258F8DD84}.Debug|Any CPU.Build.0 = Debug|Any CPU
		{F46F7214-6C42-496F-A83D-332258F8DD84}.Release|Any CPU.ActiveCfg = Release|Any CPU
		{F46F7214-6C42-496F-A83D-332258F8DD84}.Release|Any CPU.Build.0 = Release|Any CPU
	EndGlobalSection
	GlobalSection(SolutionProperties) = preSolution
		HideSolutionNode = FALSE
	EndGlobalSection
	GlobalSection(ExtensibilityGlobals) = postSolution
		SolutionGuid = {43B54D9A-C319-41F5-A2FC-0ACFB31D7818}
	EndGlobalSection
EndGlobal
